
Microsoft Visual Studio Solution File, Format Version 12.00
# Visual Studio 15
VisualStudioVersion = 15.0.28307.421
MinimumVisualStudioVersion = 10.0.40219.1
Project("{8BC9CEB8-8B4A-11D0-8D11-00A0C91BC942}") = "objectProgram", "objectProgram\objectProgram.vcxproj", "{CF136E0E-54DB-48A3-9E4E-59E069EAEE07}"
EndProject
Project("{8BC9CEB8-8B4A-11D0-8D11-00A0C91BC942}") = "domainOrintedProgram", "domainOrintedProgram\domainOrintedProgram.vcxproj", "{BB13FAA8-13E6-4975-BC15-346AD3ACB925}"
EndProject
Project("{8BC9CEB8-8B4A-11D0-8D11-00A0C91BC942}") = "cmidwave", "cmidwave\cmidwave.vcxproj", "{D29F7977-2F17-49D9-9D21-87C612483E64}"
EndProject
Project("{8BC9CEB8-8B4A-11D0-8D11-00A0C91BC942}") = "cmdPattern", "cmdPattern\cmdPattern.vcxproj", "{27600AC4-9FFA-41A5-9B9D-F5B994F6C951}"
EndProject
Project("{8BC9CEB8-8B4A-11D0-8D11-00A0C91BC942}") = "decorate", "decorate\decorate.vcxproj", "{2FC95AFF-9AED-4174-A84E-F28A0DE8F26D}"
EndProject
Project("{8BC9CEB8-8B4A-11D0-8D11-00A0C91BC942}") = "adapter", "adapter\adapter.vcxproj", "{B407D122-DA36-4EDC-8483-808A227BBC6C}"
EndProject
Project("{8BC9CEB8-8B4A-11D0-8D11-00A0C91BC942}") = "briage", "briage\briage.vcxproj", "{F6F8816E-0C93-4CB7-95D3-6E562926AD60}"
EndProject
Project("{8BC9CEB8-8B4A-11D0-8D11-00A0C91BC942}") = "state", "state\state.vcxproj", "{EF392268-4C18-4519-B69D-219271F2617D}"
EndProject
Project("{8BC9CEB8-8B4A-11D0-8D11-00A0C91BC942}") = "bitsection", "bitsection\bitsection.vcxproj", "{8BE997FA-64D9-4AA2-9FCD-406E401F7B41}"
EndProject
Project("{8BC9CEB8-8B4A-11D0-8D11-00A0C91BC942}") = "gc", "gc\gc.vcxproj", "{AE854CA5-6BC9-404A-BAD6-2461DCAA3EE3}"
EndProject
Project("{8BC9CEB8-8B4A-11D0-8D11-00A0C91BC942}") = "array", "array\array.vcxproj", "{83D655BF-CCDC-48AE-874A-6C1C55A2BDCF}"
EndProject
Project("{8BC9CEB8-8B4A-11D0-8D11-00A0C91BC942}") = "算法", "算法\算法.vcxproj", "{F95E9148-0A3A-40ED-A504-4C88FB915099}"
EndProject
Project("{8BC9CEB8-8B4A-11D0-8D11-00A0C91BC942}") = "simpleInfinitestate", "simpleInfinitestate\simpleInfinitestate.vcxproj", "{31BB1019-C879-4B53-A512-7FD2627E3523}"
EndProject
Project("{8BC9CEB8-8B4A-11D0-8D11-00A0C91BC942}") = "processorSchedular", "processorSchedular\processorSchedular.vcxproj", "{C80B78B8-7663-45CE-910B-6017D5FC8D61}"
EndProject
Project("{8BC9CEB8-8B4A-11D0-8D11-00A0C91BC942}") = "syscall", "syscall\syscall.vcxproj", "{74B08F7D-C2A2-408E-B821-354D5A715F32}"
EndProject
Project("{8BC9CEB8-8B4A-11D0-8D11-00A0C91BC942}") = "observer", "observer\observer.vcxproj", "{F197596C-B59E-4CDB-85A4-B2AE83B30E0A}"
EndProject
Project("{8BC9CEB8-8B4A-11D0-8D11-00A0C91BC942}") = "singleton", "singleton\singleton.vcxproj", "{6ACF4EF2-346D-4BB7-B11C-021392CFC16A}"
EndProject
Project("{8BC9CEB8-8B4A-11D0-8D11-00A0C91BC942}") = "c_singleton", "c_singleton\c_singleton.vcxproj", "{BE93BA6B-6DAB-47AE-8B26-91654B5DF433}"
EndProject
Project("{8BC9CEB8-8B4A-11D0-8D11-00A0C91BC942}") = "kfifo", "kfifo\kfifo.vcxproj", "{894DB058-8E67-4F47-90C1-F17F968AAD90}"
EndProject
Project("{8BC9CEB8-8B4A-11D0-8D11-00A0C91BC942}") = "sched", "sched\sched.vcxproj", "{F1ACB7C5-309A-4F9F-87C4-8921695CE09C}"
EndProject
Project("{8BC9CEB8-8B4A-11D0-8D11-00A0C91BC942}") = "syn", "syn\syn.vcxproj", "{CE7C8880-0B83-4242-B756-57C8CBAB01FF}"
EndProject
Project("{8BC9CEB8-8B4A-11D0-8D11-00A0C91BC942}") = "cpp_singleton_withmacro", "cpp_singleton_withmacro\cpp_singleton_withmacro.vcxproj", "{6DD18BF6-2EA7-4C0E-8C74-62230E4F2FD2}"
EndProject
Global
	GlobalSection(SolutionConfigurationPlatforms) = preSolution
		Debug|x64 = Debug|x64
		Debug|x86 = Debug|x86
		Release|x64 = Release|x64
		Release|x86 = Release|x86
	EndGlobalSection
	GlobalSection(ProjectConfigurationPlatforms) = postSolution
		{CF136E0E-54DB-48A3-9E4E-59E069EAEE07}.Debug|x64.ActiveCfg = Debug|x64
		{CF136E0E-54DB-48A3-9E4E-59E069EAEE07}.Debug|x64.Build.0 = Debug|x64
		{CF136E0E-54DB-48A3-9E4E-59E069EAEE07}.Debug|x86.ActiveCfg = Debug|Win32
		{CF136E0E-54DB-48A3-9E4E-59E069EAEE07}.Debug|x86.Build.0 = Debug|Win32
		{CF136E0E-54DB-48A3-9E4E-59E069EAEE07}.Release|x64.ActiveCfg = Release|x64
		{CF136E0E-54DB-48A3-9E4E-59E069EAEE07}.Release|x64.Build.0 = Release|x64
		{CF136E0E-54DB-48A3-9E4E-59E069EAEE07}.Release|x86.ActiveCfg = Release|Win32
		{CF136E0E-54DB-48A3-9E4E-59E069EAEE07}.Release|x86.Build.0 = Release|Win32
		{BB13FAA8-13E6-4975-BC15-346AD3ACB925}.Debug|x64.ActiveCfg = Debug|x64
		{BB13FAA8-13E6-4975-BC15-346AD3ACB925}.Debug|x64.Build.0 = Debug|x64
		{BB13FAA8-13E6-4975-BC15-346AD3ACB925}.Debug|x86.ActiveCfg = Debug|Win32
		{BB13FAA8-13E6-4975-BC15-346AD3ACB925}.Debug|x86.Build.0 = Debug|Win32
		{BB13FAA8-13E6-4975-BC15-346AD3ACB925}.Release|x64.ActiveCfg = Release|x64
		{BB13FAA8-13E6-4975-BC15-346AD3ACB925}.Release|x64.Build.0 = Release|x64
		{BB13FAA8-13E6-4975-BC15-346AD3ACB925}.Release|x86.ActiveCfg = Release|Win32
		{BB13FAA8-13E6-4975-BC15-346AD3ACB925}.Release|x86.Build.0 = Release|Win32
		{D29F7977-2F17-49D9-9D21-87C612483E64}.Debug|x64.ActiveCfg = Debug|x64
		{D29F7977-2F17-49D9-9D21-87C612483E64}.Debug|x64.Build.0 = Debug|x64
		{D29F7977-2F17-49D9-9D21-87C612483E64}.Debug|x86.ActiveCfg = Debug|Win32
		{D29F7977-2F17-49D9-9D21-87C612483E64}.Debug|x86.Build.0 = Debug|Win32
		{D29F7977-2F17-49D9-9D21-87C612483E64}.Release|x64.ActiveCfg = Release|x64
		{D29F7977-2F17-49D9-9D21-87C612483E64}.Release|x64.Build.0 = Release|x64
		{D29F7977-2F17-49D9-9D21-87C612483E64}.Release|x86.ActiveCfg = Release|Win32
		{D29F7977-2F17-49D9-9D21-87C612483E64}.Release|x86.Build.0 = Release|Win32
		{27600AC4-9FFA-41A5-9B9D-F5B994F6C951}.Debug|x64.ActiveCfg = Debug|x64
		{27600AC4-9FFA-41A5-9B9D-F5B994F6C951}.Debug|x64.Build.0 = Debug|x64
		{27600AC4-9FFA-41A5-9B9D-F5B994F6C951}.Debug|x86.ActiveCfg = Debug|Win32
		{27600AC4-9FFA-41A5-9B9D-F5B994F6C951}.Debug|x86.Build.0 = Debug|Win32
		{27600AC4-9FFA-41A5-9B9D-F5B994F6C951}.Release|x64.ActiveCfg = Release|x64
		{27600AC4-9FFA-41A5-9B9D-F5B994F6C951}.Release|x64.Build.0 = Release|x64
		{27600AC4-9FFA-41A5-9B9D-F5B994F6C951}.Release|x86.ActiveCfg = Release|Win32
		{27600AC4-9FFA-41A5-9B9D-F5B994F6C951}.Release|x86.Build.0 = Release|Win32
		{2FC95AFF-9AED-4174-A84E-F28A0DE8F26D}.Debug|x64.ActiveCfg = Debug|x64
		{2FC95AFF-9AED-4174-A84E-F28A0DE8F26D}.Debug|x64.Build.0 = Debug|x64
		{2FC95AFF-9AED-4174-A84E-F28A0DE8F26D}.Debug|x86.ActiveCfg = Debug|Win32
		{2FC95AFF-9AED-4174-A84E-F28A0DE8F26D}.Debug|x86.Build.0 = Debug|Win32
		{2FC95AFF-9AED-4174-A84E-F28A0DE8F26D}.Release|x64.ActiveCfg = Release|x64
		{2FC95AFF-9AED-4174-A84E-F28A0DE8F26D}.Release|x64.Build.0 = Release|x64
		{2FC95AFF-9AED-4174-A84E-F28A0DE8F26D}.Release|x86.ActiveCfg = Release|Win32
		{2FC95AFF-9AED-4174-A84E-F28A0DE8F26D}.Release|x86.Build.0 = Release|Win32
		{B407D122-DA36-4EDC-8483-808A227BBC6C}.Debug|x64.ActiveCfg = Debug|x64
		{B407D122-DA36-4EDC-8483-808A227BBC6C}.Debug|x64.Build.0 = Debug|x64
		{B407D122-DA36-4EDC-8483-808A227BBC6C}.Debug|x86.ActiveCfg = Debug|Win32
		{B407D122-DA36-4EDC-8483-808A227BBC6C}.Debug|x86.Build.0 = Debug|Win32
		{B407D122-DA36-4EDC-8483-808A227BBC6C}.Release|x64.ActiveCfg = Release|x64
		{B407D122-DA36-4EDC-8483-808A227BBC6C}.Release|x64.Build.0 = Release|x64
		{B407D122-DA36-4EDC-8483-808A227BBC6C}.Release|x86.ActiveCfg = Release|Win32
		{B407D122-DA36-4EDC-8483-808A227BBC6C}.Release|x86.Build.0 = Release|Win32
		{F6F8816E-0C93-4CB7-95D3-6E562926AD60}.Debug|x64.ActiveCfg = Debug|x64
		{F6F8816E-0C93-4CB7-95D3-6E562926AD60}.Debug|x64.Build.0 = Debug|x64
		{F6F8816E-0C93-4CB7-95D3-6E562926AD60}.Debug|x86.ActiveCfg = Debug|Win32
		{F6F8816E-0C93-4CB7-95D3-6E562926AD60}.Debug|x86.Build.0 = Debug|Win32
		{F6F8816E-0C93-4CB7-95D3-6E562926AD60}.Release|x64.ActiveCfg = Release|x64
		{F6F8816E-0C93-4CB7-95D3-6E562926AD60}.Release|x64.Build.0 = Release|x64
		{F6F8816E-0C93-4CB7-95D3-6E562926AD60}.Release|x86.ActiveCfg = Release|Win32
		{F6F8816E-0C93-4CB7-95D3-6E562926AD60}.Release|x86.Build.0 = Release|Win32
		{EF392268-4C18-4519-B69D-219271F2617D}.Debug|x64.ActiveCfg = Debug|x64
		{EF392268-4C18-4519-B69D-219271F2617D}.Debug|x64.Build.0 = Debug|x64
		{EF392268-4C18-4519-B69D-219271F2617D}.Debug|x86.ActiveCfg = Debug|Win32
		{EF392268-4C18-4519-B69D-219271F2617D}.Debug|x86.Build.0 = Debug|Win32
		{EF392268-4C18-4519-B69D-219271F2617D}.Release|x64.ActiveCfg = Release|x64
		{EF392268-4C18-4519-B69D-219271F2617D}.Release|x64.Build.0 = Release|x64
		{EF392268-4C18-4519-B69D-219271F2617D}.Release|x86.ActiveCfg = Release|Win32
		{EF392268-4C18-4519-B69D-219271F2617D}.Release|x86.Build.0 = Release|Win32
		{8BE997FA-64D9-4AA2-9FCD-406E401F7B41}.Debug|x64.ActiveCfg = Debug|x64
		{8BE997FA-64D9-4AA2-9FCD-406E401F7B41}.Debug|x64.Build.0 = Debug|x64
		{8BE997FA-64D9-4AA2-9FCD-406E401F7B41}.Debug|x86.ActiveCfg = Debug|Win32
		{8BE997FA-64D9-4AA2-9FCD-406E401F7B41}.Debug|x86.Build.0 = Debug|Win32
		{8BE997FA-64D9-4AA2-9FCD-406E401F7B41}.Release|x64.ActiveCfg = Release|x64
		{8BE997FA-64D9-4AA2-9FCD-406E401F7B41}.Release|x64.Build.0 = Release|x64
		{8BE997FA-64D9-4AA2-9FCD-406E401F7B41}.Release|x86.ActiveCfg = Release|Win32
		{8BE997FA-64D9-4AA2-9FCD-406E401F7B41}.Release|x86.Build.0 = Release|Win32
		{AE854CA5-6BC9-404A-BAD6-2461DCAA3EE3}.Debug|x64.ActiveCfg = Debug|x64
		{AE854CA5-6BC9-404A-BAD6-2461DCAA3EE3}.Debug|x64.Build.0 = Debug|x64
		{AE854CA5-6BC9-404A-BAD6-2461DCAA3EE3}.Debug|x86.ActiveCfg = Debug|Win32
		{AE854CA5-6BC9-404A-BAD6-2461DCAA3EE3}.Debug|x86.Build.0 = Debug|Win32
		{AE854CA5-6BC9-404A-BAD6-2461DCAA3EE3}.Release|x64.ActiveCfg = Release|x64
		{AE854CA5-6BC9-404A-BAD6-2461DCAA3EE3}.Release|x64.Build.0 = Release|x64
		{AE854CA5-6BC9-404A-BAD6-2461DCAA3EE3}.Release|x86.ActiveCfg = Release|Win32
		{AE854CA5-6BC9-404A-BAD6-2461DCAA3EE3}.Release|x86.Build.0 = Release|Win32
		{83D655BF-CCDC-48AE-874A-6C1C55A2BDCF}.Debug|x64.ActiveCfg = Debug|x64
		{83D655BF-CCDC-48AE-874A-6C1C55A2BDCF}.Debug|x64.Build.0 = Debug|x64
		{83D655BF-CCDC-48AE-874A-6C1C55A2BDCF}.Debug|x86.ActiveCfg = Debug|Win32
		{83D655BF-CCDC-48AE-874A-6C1C55A2BDCF}.Debug|x86.Build.0 = Debug|Win32
		{83D655BF-CCDC-48AE-874A-6C1C55A2BDCF}.Release|x64.ActiveCfg = Release|x64
		{83D655BF-CCDC-48AE-874A-6C1C55A2BDCF}.Release|x64.Build.0 = Release|x64
		{83D655BF-CCDC-48AE-874A-6C1C55A2BDCF}.Release|x86.ActiveCfg = Release|Win32
		{83D655BF-CCDC-48AE-874A-6C1C55A2BDCF}.Release|x86.Build.0 = Release|Win32
		{F95E9148-0A3A-40ED-A504-4C88FB915099}.Debug|x64.ActiveCfg = Debug|x64
		{F95E9148-0A3A-40ED-A504-4C88FB915099}.Debug|x64.Build.0 = Debug|x64
		{F95E9148-0A3A-40ED-A504-4C88FB915099}.Debug|x86.ActiveCfg = Debug|Win32
		{F95E9148-0A3A-40ED-A504-4C88FB915099}.Debug|x86.Build.0 = Debug|Win32
		{F95E9148-0A3A-40ED-A504-4C88FB915099}.Release|x64.ActiveCfg = Release|x64
		{F95E9148-0A3A-40ED-A504-4C88FB915099}.Release|x64.Build.0 = Release|x64
		{F95E9148-0A3A-40ED-A504-4C88FB915099}.Release|x86.ActiveCfg = Release|Win32
		{F95E9148-0A3A-40ED-A504-4C88FB915099}.Release|x86.Build.0 = Release|Win32
		{31BB1019-C879-4B53-A512-7FD2627E3523}.Debug|x64.ActiveCfg = Debug|x64
		{31BB1019-C879-4B53-A512-7FD2627E3523}.Debug|x64.Build.0 = Debug|x64
		{31BB1019-C879-4B53-A512-7FD2627E3523}.Debug|x86.ActiveCfg = Debug|Win32
		{31BB1019-C879-4B53-A512-7FD2627E3523}.Debug|x86.Build.0 = Debug|Win32
		{31BB1019-C879-4B53-A512-7FD2627E3523}.Release|x64.ActiveCfg = Release|x64
		{31BB1019-C879-4B53-A512-7FD2627E3523}.Release|x64.Build.0 = Release|x64
		{31BB1019-C879-4B53-A512-7FD2627E3523}.Release|x86.ActiveCfg = Release|Win32
		{31BB1019-C879-4B53-A512-7FD2627E3523}.Release|x86.Build.0 = Release|Win32
		{C80B78B8-7663-45CE-910B-6017D5FC8D61}.Debug|x64.ActiveCfg = Debug|x64
		{C80B78B8-7663-45CE-910B-6017D5FC8D61}.Debug|x64.Build.0 = Debug|x64
		{C80B78B8-7663-45CE-910B-6017D5FC8D61}.Debug|x86.ActiveCfg = Debug|Win32
		{C80B78B8-7663-45CE-910B-6017D5FC8D61}.Debug|x86.Build.0 = Debug|Win32
		{C80B78B8-7663-45CE-910B-6017D5FC8D61}.Release|x64.ActiveCfg = Release|x64
		{C80B78B8-7663-45CE-910B-6017D5FC8D61}.Release|x64.Build.0 = Release|x64
		{C80B78B8-7663-45CE-910B-6017D5FC8D61}.Release|x86.ActiveCfg = Release|Win32
		{C80B78B8-7663-45CE-910B-6017D5FC8D61}.Release|x86.Build.0 = Release|Win32
		{74B08F7D-C2A2-408E-B821-354D5A715F32}.Debug|x64.ActiveCfg = Debug|x64
		{74B08F7D-C2A2-408E-B821-354D5A715F32}.Debug|x64.Build.0 = Debug|x64
		{74B08F7D-C2A2-408E-B821-354D5A715F32}.Debug|x86.ActiveCfg = Debug|Win32
		{74B08F7D-C2A2-408E-B821-354D5A715F32}.Debug|x86.Build.0 = Debug|Win32
		{74B08F7D-C2A2-408E-B821-354D5A715F32}.Release|x64.ActiveCfg = Release|x64
		{74B08F7D-C2A2-408E-B821-354D5A715F32}.Release|x64.Build.0 = Release|x64
		{74B08F7D-C2A2-408E-B821-354D5A715F32}.Release|x86.ActiveCfg = Release|Win32
		{74B08F7D-C2A2-408E-B821-354D5A715F32}.Release|x86.Build.0 = Release|Win32
		{F197596C-B59E-4CDB-85A4-B2AE83B30E0A}.Debug|x64.ActiveCfg = Debug|x64
		{F197596C-B59E-4CDB-85A4-B2AE83B30E0A}.Debug|x64.Build.0 = Debug|x64
		{F197596C-B59E-4CDB-85A4-B2AE83B30E0A}.Debug|x86.ActiveCfg = Debug|Win32
		{F197596C-B59E-4CDB-85A4-B2AE83B30E0A}.Debug|x86.Build.0 = Debug|Win32
		{F197596C-B59E-4CDB-85A4-B2AE83B30E0A}.Release|x64.ActiveCfg = Release|x64
		{F197596C-B59E-4CDB-85A4-B2AE83B30E0A}.Release|x64.Build.0 = Release|x64
		{F197596C-B59E-4CDB-85A4-B2AE83B30E0A}.Release|x86.ActiveCfg = Release|Win32
		{F197596C-B59E-4CDB-85A4-B2AE83B30E0A}.Release|x86.Build.0 = Release|Win32
		{6ACF4EF2-346D-4BB7-B11C-021392CFC16A}.Debug|x64.ActiveCfg = Debug|x64
		{6ACF4EF2-346D-4BB7-B11C-021392CFC16A}.Debug|x64.Build.0 = Debug|x64
		{6ACF4EF2-346D-4BB7-B11C-021392CFC16A}.Debug|x86.ActiveCfg = Debug|Win32
		{6ACF4EF2-346D-4BB7-B11C-021392CFC16A}.Debug|x86.Build.0 = Debug|Win32
		{6ACF4EF2-346D-4BB7-B11C-021392CFC16A}.Release|x64.ActiveCfg = Release|x64
		{6ACF4EF2-346D-4BB7-B11C-021392CFC16A}.Release|x64.Build.0 = Release|x64
		{6ACF4EF2-346D-4BB7-B11C-021392CFC16A}.Release|x86.ActiveCfg = Release|Win32
		{6ACF4EF2-346D-4BB7-B11C-021392CFC16A}.Release|x86.Build.0 = Release|Win32
		{BE93BA6B-6DAB-47AE-8B26-91654B5DF433}.Debug|x64.ActiveCfg = Debug|x64
		{BE93BA6B-6DAB-47AE-8B26-91654B5DF433}.Debug|x64.Build.0 = Debug|x64
		{BE93BA6B-6DAB-47AE-8B26-91654B5DF433}.Debug|x86.ActiveCfg = Debug|Win32
		{BE93BA6B-6DAB-47AE-8B26-91654B5DF433}.Debug|x86.Build.0 = Debug|Win32
		{BE93BA6B-6DAB-47AE-8B26-91654B5DF433}.Release|x64.ActiveCfg = Release|x64
		{BE93BA6B-6DAB-47AE-8B26-91654B5DF433}.Release|x64.Build.0 = Release|x64
		{BE93BA6B-6DAB-47AE-8B26-91654B5DF433}.Release|x86.ActiveCfg = Release|Win32
		{BE93BA6B-6DAB-47AE-8B26-91654B5DF433}.Release|x86.Build.0 = Release|Win32
		{894DB058-8E67-4F47-90C1-F17F968AAD90}.Debug|x64.ActiveCfg = Debug|x64
		{894DB058-8E67-4F47-90C1-F17F968AAD90}.Debug|x64.Build.0 = Debug|x64
		{894DB058-8E67-4F47-90C1-F17F968AAD90}.Debug|x86.ActiveCfg = Debug|Win32
		{894DB058-8E67-4F47-90C1-F17F968AAD90}.Debug|x86.Build.0 = Debug|Win32
		{894DB058-8E67-4F47-90C1-F17F968AAD90}.Release|x64.ActiveCfg = Release|x64
		{894DB058-8E67-4F47-90C1-F17F968AAD90}.Release|x64.Build.0 = Release|x64
		{894DB058-8E67-4F47-90C1-F17F968AAD90}.Release|x86.ActiveCfg = Release|Win32
		{894DB058-8E67-4F47-90C1-F17F968AAD90}.Release|x86.Build.0 = Release|Win32
		{F1ACB7C5-309A-4F9F-87C4-8921695CE09C}.Debug|x64.ActiveCfg = Debug|x64
		{F1ACB7C5-309A-4F9F-87C4-8921695CE09C}.Debug|x64.Build.0 = Debug|x64
		{F1ACB7C5-309A-4F9F-87C4-8921695CE09C}.Debug|x86.ActiveCfg = Debug|Win32
		{F1ACB7C5-309A-4F9F-87C4-8921695CE09C}.Debug|x86.Build.0 = Debug|Win32
		{F1ACB7C5-309A-4F9F-87C4-8921695CE09C}.Release|x64.ActiveCfg = Release|x64
		{F1ACB7C5-309A-4F9F-87C4-8921695CE09C}.Release|x64.Build.0 = Release|x64
		{F1ACB7C5-309A-4F9F-87C4-8921695CE09C}.Release|x86.ActiveCfg = Release|Win32
		{F1ACB7C5-309A-4F9F-87C4-8921695CE09C}.Release|x86.Build.0 = Release|Win32
		{CE7C8880-0B83-4242-B756-57C8CBAB01FF}.Debug|x64.ActiveCfg = Debug|x64
		{CE7C8880-0B83-4242-B756-57C8CBAB01FF}.Debug|x64.Build.0 = Debug|x64
		{CE7C8880-0B83-4242-B756-57C8CBAB01FF}.Debug|x86.ActiveCfg = Debug|Win32
		{CE7C8880-0B83-4242-B756-57C8CBAB01FF}.Debug|x86.Build.0 = Debug|Win32
		{CE7C8880-0B83-4242-B756-57C8CBAB01FF}.Release|x64.ActiveCfg = Release|x64
		{CE7C8880-0B83-4242-B756-57C8CBAB01FF}.Release|x64.Build.0 = Release|x64
		{CE7C8880-0B83-4242-B756-57C8CBAB01FF}.Release|x86.ActiveCfg = Release|Win32
		{CE7C8880-0B83-4242-B756-57C8CBAB01FF}.Release|x86.Build.0 = Release|Win32
		{6DD18BF6-2EA7-4C0E-8C74-62230E4F2FD2}.Debug|x64.ActiveCfg = Debug|x64
		{6DD18BF6-2EA7-4C0E-8C74-62230E4F2FD2}.Debug|x64.Build.0 = Debug|x64
		{6DD18BF6-2EA7-4C0E-8C74-62230E4F2FD2}.Debug|x86.ActiveCfg = Debug|Win32
		{6DD18BF6-2EA7-4C0E-8C74-62230E4F2FD2}.Debug|x86.Build.0 = Debug|Win32
		{6DD18BF6-2EA7-4C0E-8C74-62230E4F2FD2}.Release|x64.ActiveCfg = Release|x64
		{6DD18BF6-2EA7-4C0E-8C74-62230E4F2FD2}.Release|x64.Build.0 = Release|x64
		{6DD18BF6-2EA7-4C0E-8C74-62230E4F2FD2}.Release|x86.ActiveCfg = Release|Win32
		{6DD18BF6-2EA7-4C0E-8C74-62230E4F2FD2}.Release|x86.Build.0 = Release|Win32
	EndGlobalSection
	GlobalSection(SolutionProperties) = preSolution
		HideSolutionNode = FALSE
	EndGlobalSection
	GlobalSection(ExtensibilityGlobals) = postSolution
		SolutionGuid = {F749FAB8-4D2B-48E3-803D-FE249A2F8C27}
	EndGlobalSection
EndGlobal
